
Microsoft Visual Studio Solution File, Format Version 12.00
# Visual Studio 14
VisualStudioVersion = 14.0.25420.1
MinimumVisualStudioVersion = 10.0.40219.1
Project("{FAE04EC0-301F-11D3-BF4B-00C04F79EFBC}") = "Task1", "Task1\Task1.csproj", "{D1FCD08D-8F29-4249-99D6-2EBD01B55221}"
EndProject
Project("{FAE04EC0-301F-11D3-BF4B-00C04F79EFBC}") = "Task2", "Task2\Task2.csproj", "{2A6A35D0-BD17-46B5-B939-1FE807AE82D4}"
EndProject
Project("{FAE04EC0-301F-11D3-BF4B-00C04F79EFBC}") = "Task3", "Task3\Task3.csproj", "{E613BB14-A827-4740-9A8E-83F8B4DCAF89}"
EndProject
Global
	GlobalSection(SolutionConfigurationPlatforms) = preSolution
		Debug|Any CPU = Debug|Any CPU
		Release|Any CPU = Release|Any CPU
	EndGlobalSection
	GlobalSection(ProjectConfigurationPlatforms) = postSolution
		{D1FCD08D-8F29-4249-99D6-2EBD01B55221}.Debug|Any CPU.ActiveCfg = Debug|Any CPU
		{D1FCD08D-8F29-4249-99D6-2EBD01B55221}.Debug|Any CPU.Build.0 = Debug|Any CPU
		{D1FCD08D-8F29-4249-99D6-2EBD01B55221}.Release|Any CPU.ActiveCfg = Release|Any CPU
		{D1FCD08D-8F29-4249-99D6-2EBD01B55221}.Release|Any CPU.Build.0 = Release|Any CPU
		{2A6A35D0-BD17-46B5-B939-1FE807AE82D4}.Debug|Any CPU.ActiveCfg = Debug|Any CPU
		{2A6A35D0-BD17-46B5-B939-1FE807AE82D4}.Debug|Any CPU.Build.0 = Debug|Any CPU
		{2A6A35D0-BD17-46B5-B939-1FE807AE82D4}.Release|Any CPU.ActiveCfg = Release|Any CPU
		{2A6A35D0-BD17-46B5-B939-1FE807AE82D4}.Release|Any CPU.Build.0 = Release|Any CPU
		{E613BB14-A827-4740-9A8E-83F8B4DCAF89}.Debug|Any CPU.ActiveCfg = Debug|Any CPU
		{E613BB14-A827-4740-9A8E-83F8B4DCAF89}.Debug|Any CPU.Build.0 = Debug|Any CPU
		{E613BB14-A827-4740-9A8E-83F8B4DCAF89}.Release|Any CPU.ActiveCfg = Release|Any CPU
		{E613BB14-A827-4740-9A8E-83F8B4DCAF89}.Release|Any CPU.Build.0 = Release|Any CPU
	EndGlobalSection
	GlobalSection(SolutionProperties) = preSolution
		HideSolutionNode = FALSE
	EndGlobalSection
EndGlobal
