
Microsoft Visual Studio Solution File, Format Version 12.00
# Visual Studio Version 16
VisualStudioVersion = 16.0.30523.141
MinimumVisualStudioVersion = 10.0.40219.1
Project("{FAE04EC0-301F-11D3-BF4B-00C04F79EFBC}") = "Task1", "Task1\Task1.csproj", "{2BAF2FE0-AFC6-493A-B4C1-DA5FDBD3E369}"
EndProject
Project("{FAE04EC0-301F-11D3-BF4B-00C04F79EFBC}") = "Task2", "Task2\Task2.csproj", "{1089987B-08BA-40D6-B8BC-04C1F438F3EB}"
EndProject
Project("{FAE04EC0-301F-11D3-BF4B-00C04F79EFBC}") = "Task3", "Task3\Task3.csproj", "{073F55C8-FFD4-4319-9CB0-2D23BF753D6F}"
EndProject
Global
	GlobalSection(SolutionConfigurationPlatforms) = preSolution
		Debug|Any CPU = Debug|Any CPU
		Release|Any CPU = Release|Any CPU
	EndGlobalSection
	GlobalSection(ProjectConfigurationPlatforms) = postSolution
		{2BAF2FE0-AFC6-493A-B4C1-DA5FDBD3E369}.Debug|Any CPU.ActiveCfg = Debug|Any CPU
		{2BAF2FE0-AFC6-493A-B4C1-DA5FDBD3E369}.Debug|Any CPU.Build.0 = Debug|Any CPU
		{2BAF2FE0-AFC6-493A-B4C1-DA5FDBD3E369}.Release|Any CPU.ActiveCfg = Release|Any CPU
		{2BAF2FE0-AFC6-493A-B4C1-DA5FDBD3E369}.Release|Any CPU.Build.0 = Release|Any CPU
		{1089987B-08BA-40D6-B8BC-04C1F438F3EB}.Debug|Any CPU.ActiveCfg = Debug|Any CPU
		{1089987B-08BA-40D6-B8BC-04C1F438F3EB}.Debug|Any CPU.Build.0 = Debug|Any CPU
		{1089987B-08BA-40D6-B8BC-04C1F438F3EB}.Release|Any CPU.ActiveCfg = Release|Any CPU
		{1089987B-08BA-40D6-B8BC-04C1F438F3EB}.Release|Any CPU.Build.0 = Release|Any CPU
		{073F55C8-FFD4-4319-9CB0-2D23BF753D6F}.Debug|Any CPU.ActiveCfg = Debug|Any CPU
		{073F55C8-FFD4-4319-9CB0-2D23BF753D6F}.Debug|Any CPU.Build.0 = Debug|Any CPU
		{073F55C8-FFD4-4319-9CB0-2D23BF753D6F}.Release|Any CPU.ActiveCfg = Release|Any CPU
		{073F55C8-FFD4-4319-9CB0-2D23BF753D6F}.Release|Any CPU.Build.0 = Release|Any CPU
	EndGlobalSection
	GlobalSection(SolutionProperties) = preSolution
		HideSolutionNode = FALSE
	EndGlobalSection
	GlobalSection(ExtensibilityGlobals) = postSolution
		SolutionGuid = {E05E2F0E-C2C3-4729-A8DD-6A8D5CC37A9A}
	EndGlobalSection
EndGlobal
